
Microsoft Visual Studio Solution File, Format Version 12.00
# Visual Studio Version 16
VisualStudioVersion = 16.0.30114.105
MinimumVisualStudioVersion = 10.0.40219.1
Project("{FAE04EC0-301F-11D3-BF4B-00C04F79EFBC}") = "solutions", "solutions\solutions.csproj", "{22642769-2D08-48A7-994E-226FD8F63AD0}"
EndProject
Project("{FAE04EC0-301F-11D3-BF4B-00C04F79EFBC}") = "solutions-tests", "solutions-tests\solutions-tests.csproj", "{0A9B3E7D-9141-472E-8C29-C4C19C25B1A2}"
EndProject
Project("{2150E333-8FDC-42A3-9474-1A3956D46DE8}") = "solution-items", "solution-items", "{18141D27-FB44-47EC-B992-6A1C0E0A0DA1}"
	ProjectSection(SolutionItems) = preProject
		newDay.sh = newDay.sh
	EndProjectSection
EndProject
Global
	GlobalSection(SolutionConfigurationPlatforms) = preSolution
		Debug|Any CPU = Debug|Any CPU
		Release|Any CPU = Release|Any CPU
	EndGlobalSection
	GlobalSection(SolutionProperties) = preSolution
		HideSolutionNode = FALSE
	EndGlobalSection
	GlobalSection(ProjectConfigurationPlatforms) = postSolution
		{22642769-2D08-48A7-994E-226FD8F63AD0}.Debug|Any CPU.ActiveCfg = Debug|Any CPU
		{22642769-2D08-48A7-994E-226FD8F63AD0}.Debug|Any CPU.Build.0 = Debug|Any CPU
		{22642769-2D08-48A7-994E-226FD8F63AD0}.Release|Any CPU.ActiveCfg = Release|Any CPU
		{22642769-2D08-48A7-994E-226FD8F63AD0}.Release|Any CPU.Build.0 = Release|Any CPU
		{0A9B3E7D-9141-472E-8C29-C4C19C25B1A2}.Debug|Any CPU.ActiveCfg = Debug|Any CPU
		{0A9B3E7D-9141-472E-8C29-C4C19C25B1A2}.Debug|Any CPU.Build.0 = Debug|Any CPU
		{0A9B3E7D-9141-472E-8C29-C4C19C25B1A2}.Release|Any CPU.ActiveCfg = Release|Any CPU
		{0A9B3E7D-9141-472E-8C29-C4C19C25B1A2}.Release|Any CPU.Build.0 = Release|Any CPU
	EndGlobalSection
EndGlobal
